
Microsoft Visual Studio Solution File, Format Version 12.00
# Visual Studio Version 17
VisualStudioVersion = 17.4.33110.190
MinimumVisualStudioVersion = 10.0.40219.1
Project("{FAE04EC0-301F-11D3-BF4B-00C04F79EFBC}") = "СSharpShop2", "СSharpShop2\СSharpShop2.csproj", "{B8DB3120-5B43-41BC-AA54-D3CF0FEE5E29}"
EndProject
Project("{9A19103F-16F7-4668-BE54-9A1E7A4F7556}") = "CSharpMiniNetflix", "..\CSharpMiniNetflix\CSharpMiniNetflix.csproj", "{A2EDC197-4E18-444E-99AC-B343CD7B4F17}"
EndProject
Project("{9A19103F-16F7-4668-BE54-9A1E7A4F7556}") = "Bonus", "..\CSHarpShop\Bonus\Bonus.csproj", "{E5995804-F673-4136-B7B1-2587F7B0C40C}"
EndProject
Project("{9A19103F-16F7-4668-BE54-9A1E7A4F7556}") = "LibreriaCSharp", "..\LibreriaCSharp\LibreriaCSharp.csproj", "{8BBA5849-790C-4018-86A1-DC7E909E07B8}"
EndProject
Global
	GlobalSection(SolutionConfigurationPlatforms) = preSolution
		Debug|Any CPU = Debug|Any CPU
		Release|Any CPU = Release|Any CPU
	EndGlobalSection
	GlobalSection(ProjectConfigurationPlatforms) = postSolution
		{B8DB3120-5B43-41BC-AA54-D3CF0FEE5E29}.Debug|Any CPU.ActiveCfg = Debug|Any CPU
		{B8DB3120-5B43-41BC-AA54-D3CF0FEE5E29}.Debug|Any CPU.Build.0 = Debug|Any CPU
		{B8DB3120-5B43-41BC-AA54-D3CF0FEE5E29}.Release|Any CPU.ActiveCfg = Release|Any CPU
		{B8DB3120-5B43-41BC-AA54-D3CF0FEE5E29}.Release|Any CPU.Build.0 = Release|Any CPU
		{A2EDC197-4E18-444E-99AC-B343CD7B4F17}.Debug|Any CPU.ActiveCfg = Debug|Any CPU
		{A2EDC197-4E18-444E-99AC-B343CD7B4F17}.Debug|Any CPU.Build.0 = Debug|Any CPU
		{A2EDC197-4E18-444E-99AC-B343CD7B4F17}.Release|Any CPU.ActiveCfg = Release|Any CPU
		{A2EDC197-4E18-444E-99AC-B343CD7B4F17}.Release|Any CPU.Build.0 = Release|Any CPU
		{E5995804-F673-4136-B7B1-2587F7B0C40C}.Debug|Any CPU.ActiveCfg = Debug|Any CPU
		{E5995804-F673-4136-B7B1-2587F7B0C40C}.Debug|Any CPU.Build.0 = Debug|Any CPU
		{E5995804-F673-4136-B7B1-2587F7B0C40C}.Release|Any CPU.ActiveCfg = Release|Any CPU
		{E5995804-F673-4136-B7B1-2587F7B0C40C}.Release|Any CPU.Build.0 = Release|Any CPU
		{8BBA5849-790C-4018-86A1-DC7E909E07B8}.Debug|Any CPU.ActiveCfg = Debug|Any CPU
		{8BBA5849-790C-4018-86A1-DC7E909E07B8}.Debug|Any CPU.Build.0 = Debug|Any CPU
		{8BBA5849-790C-4018-86A1-DC7E909E07B8}.Release|Any CPU.ActiveCfg = Release|Any CPU
		{8BBA5849-790C-4018-86A1-DC7E909E07B8}.Release|Any CPU.Build.0 = Release|Any CPU
	EndGlobalSection
	GlobalSection(SolutionProperties) = preSolution
		HideSolutionNode = FALSE
	EndGlobalSection
	GlobalSection(ExtensibilityGlobals) = postSolution
		SolutionGuid = {91E145EE-10E4-4CE7-87DC-9463AEA6A876}
	EndGlobalSection
EndGlobal
